{
  "requires": true,
  "lockfileVersion": 1,
  "dependencies": {
    "damas-core-client": {
      "version": "1.0.6",
      "resolved": "https://registry.npmjs.org/damas-core-client/-/damas-core-client-1.0.6.tgz",
      "integrity": "sha512-QvERgJVFE5RhaMBQcGWACgGYkB3XxBHuvyxNuA2LtF2ab/s8LTG5Uhba0SFFXt4gALxkdaL15xssvZm1pOH2sg==",
      "requires": {
        "xmlhttprequest": "^1.8.0"
      }
    },
    "xmlhttprequest": {
      "version": "1.8.0",
      "resolved": "https://registry.npmjs.org/xmlhttprequest/-/xmlhttprequest-1.8.0.tgz",
      "integrity": "sha1-Z/4HXFwk/vOfnWX197f+dRcZaPw="
    }
  }
}
